dependencies:
- name: web-application
  repository: https://int.repositories.cloud.sap/artifactory/virtual-unified-runtime-helm-dmz/
  version: 0.9.0
- name: web-application
  repository: https://int.repositories.cloud.sap/artifactory/virtual-unified-runtime-helm-dmz/
  version: 0.9.0
- name: content-deployment
  repository: https://int.repositories.cloud.sap/artifactory/virtual-unified-runtime-helm-dmz/
  version: 0.4.0
- name: service-instance
  repository: https://int.repositories.cloud.sap/artifactory/virtual-unified-runtime-helm-dmz/
  version: 0.3.0
- name: service-instance
  repository: https://int.repositories.cloud.sap/artifactory/virtual-unified-runtime-helm-dmz/
  version: 0.3.0
digest: sha256:595c783f247c1fca13b9e093355cc2060553d78d4f4f280d5ebb7dc654f18ef2
generated: "2023-02-02T10:08:12.298722+01:00"
